{
  "version": 4,
  "terraform_version": "1.1.4",
  "serial": 55,
  "lineage": "e25393cb-8669-1cbe-3ee0-82a5987b5d1e",
  "outputs": {
    "nsgid": {
      "value": "/subscriptions/157d3c55-83f1-493f-8b06-472400ac04be/resourceGroups/rg-eus-dev-01/providers/Microsoft.Network/networkSecurityGroups/nsg-eus-dev-snetmgmt-01",
      "type": "string"
    },
    "rgid": {
      "value": "/subscriptions/157d3c55-83f1-493f-8b06-472400ac04be/resourceGroups/rg-eus-dev-01",
      "type": "string"
    },
    "snet1cidr": {
      "value": "172.25.3.0/28",
      "type": "string"
    },
    "snet1id": {
      "value": "/subscriptions/157d3c55-83f1-493f-8b06-472400ac04be/resourceGroups/rg-eus-dev-01/providers/Microsoft.Network/virtualNetworks/vnet-eus-dev-01/subnets/snet-eus-dev-web-01",
      "type": "string"
    },
    "vnetcidr": {
      "value": [
        "172.25.3.0/24"
      ],
      "type": [
        "list",
        "string"
      ]
    },
    "vnetid": {
      "value": "/subscriptions/157d3c55-83f1-493f-8b06-472400ac04be/resourceGroups/rg-eus-dev-01/providers/Microsoft.Network/virtualNetworks/vnet-eus-dev-01",
      "type": "string"
    }
  },
  "resources": [
    {
      "mode": "managed",
      "type": "azurerm_subnet_network_security_group_association",
      "name": "nsgsnet1association",
      "provider": "provider[\"registry.terraform.io/hashicorp/azurerm\"]",
      "instances": [
        {
          "schema_version": 0,
          "attributes": {
            "id": "/subscriptions/157d3c55-83f1-493f-8b06-472400ac04be/resourceGroups/rg-eus-dev-01/providers/Microsoft.Network/virtualNetworks/vnet-eus-dev-01/subnets/snet-eus-dev-web-01",
            "network_security_group_id": "/subscriptions/157d3c55-83f1-493f-8b06-472400ac04be/resourceGroups/rg-eus-dev-01/providers/Microsoft.Network/networkSecurityGroups/nsg-eus-dev-snetmgmt-01",
            "subnet_id": "/subscriptions/157d3c55-83f1-493f-8b06-472400ac04be/resourceGroups/rg-eus-dev-01/providers/Microsoft.Network/virtualNetworks/vnet-eus-dev-01/subnets/snet-eus-dev-web-01",
            "timeouts": null
          },
          "sensitive_attributes": [],
          "private": "eyJlMmJmYjczMC1lY2FhLTExZTYtOGY4OC0zNDM2M2JjN2M0YzAiOnsiY3JlYXRlIjoxODAwMDAwMDAwMDAwLCJkZWxldGUiOjE4MDAwMDAwMDAwMDAsInJlYWQiOjMwMDAwMDAwMDAwMCwidXBkYXRlIjoxODAwMDAwMDAwMDAwfX0=",
          "dependencies": [
            "module.Resource_Group.azurerm_resource_group.rgnet",
            "module.nsgsnet1.azurerm_network_security_group.nsgsnet",
            "module.snet1.azurerm_subnet.subnet",
            "module.vnet.azurerm_virtual_network.vnet"
          ]
        }
      ]
    },
    {
      "mode": "managed",
      "type": "azurerm_subnet_network_security_group_association",
      "name": "nsgsnet2association",
      "provider": "provider[\"registry.terraform.io/hashicorp/azurerm\"]",
      "instances": [
        {
          "schema_version": 0,
          "attributes": {
            "id": "/subscriptions/157d3c55-83f1-493f-8b06-472400ac04be/resourceGroups/rg-eus-dev-01/providers/Microsoft.Network/virtualNetworks/vnet-eus-dev-01/subnets/snet-eus-dev-app-01",
            "network_security_group_id": "/subscriptions/157d3c55-83f1-493f-8b06-472400ac04be/resourceGroups/rg-eus-dev-01/providers/Microsoft.Network/networkSecurityGroups/nsg-eus-dev-snetad-01",
            "subnet_id": "/subscriptions/157d3c55-83f1-493f-8b06-472400ac04be/resourceGroups/rg-eus-dev-01/providers/Microsoft.Network/virtualNetworks/vnet-eus-dev-01/subnets/snet-eus-dev-app-01",
            "timeouts": null
          },
          "sensitive_attributes": [],
          "private": "eyJlMmJmYjczMC1lY2FhLTExZTYtOGY4OC0zNDM2M2JjN2M0YzAiOnsiY3JlYXRlIjoxODAwMDAwMDAwMDAwLCJkZWxldGUiOjE4MDAwMDAwMDAwMDAsInJlYWQiOjMwMDAwMDAwMDAwMCwidXBkYXRlIjoxODAwMDAwMDAwMDAwfX0=",
          "dependencies": [
            "module.Resource_Group.azurerm_resource_group.rgnet",
            "module.nsgsnet2.azurerm_network_security_group.nsgsnet",
            "module.snet2.azurerm_subnet.subnet",
            "module.vnet.azurerm_virtual_network.vnet"
          ]
        }
      ]
    },
    {
      "module": "module.Resource_Group",
      "mode": "managed",
      "type": "azurerm_resource_group",
      "name": "rgnet",
      "provider": "provider[\"registry.terraform.io/hashicorp/azurerm\"]",
      "instances": [
        {
          "schema_version": 0,
          "attributes": {
            "id": "/subscriptions/157d3c55-83f1-493f-8b06-472400ac04be/resourceGroups/rg-eus-dev-01",
            "location": "eastus",
            "name": "rg-eus-dev-01",
            "tags": {},
            "timeouts": null
          },
          "sensitive_attributes": [],
          "private": "eyJlMmJmYjczMC1lY2FhLTExZTYtOGY4OC0zNDM2M2JjN2M0YzAiOnsiY3JlYXRlIjo1NDAwMDAwMDAwMDAwLCJkZWxldGUiOjU0MDAwMDAwMDAwMDAsInJlYWQiOjMwMDAwMDAwMDAwMCwidXBkYXRlIjo1NDAwMDAwMDAwMDAwfX0="
        }
      ]
    },
    {
      "module": "module.nsgsnet1",
      "mode": "managed",
      "type": "azurerm_network_security_group",
      "name": "nsgsnet",
      "provider": "provider[\"registry.terraform.io/hashicorp/azurerm\"]",
      "instances": [
        {
          "schema_version": 0,
          "attributes": {
            "id": "/subscriptions/157d3c55-83f1-493f-8b06-472400ac04be/resourceGroups/rg-eus-dev-01/providers/Microsoft.Network/networkSecurityGroups/nsg-eus-dev-snetmgmt-01",
            "location": "eastus",
            "name": "nsg-eus-dev-snetmgmt-01",
            "resource_group_name": "rg-eus-dev-01",
            "security_rule": [],
            "tags": {},
            "timeouts": null
          },
          "sensitive_attributes": [],
          "private": "eyJlMmJmYjczMC1lY2FhLTExZTYtOGY4OC0zNDM2M2JjN2M0YzAiOnsiY3JlYXRlIjoxODAwMDAwMDAwMDAwLCJkZWxldGUiOjE4MDAwMDAwMDAwMDAsInJlYWQiOjMwMDAwMDAwMDAwMCwidXBkYXRlIjoxODAwMDAwMDAwMDAwfX0=",
          "dependencies": [
            "module.Resource_Group.azurerm_resource_group.rgnet",
            "module.snet1.azurerm_subnet.subnet",
            "module.vnet.azurerm_virtual_network.vnet"
          ]
        }
      ]
    },
    {
      "module": "module.nsgsnet2",
      "mode": "managed",
      "type": "azurerm_network_security_group",
      "name": "nsgsnet",
      "provider": "provider[\"registry.terraform.io/hashicorp/azurerm\"]",
      "instances": [
        {
          "schema_version": 0,
          "attributes": {
            "id": "/subscriptions/157d3c55-83f1-493f-8b06-472400ac04be/resourceGroups/rg-eus-dev-01/providers/Microsoft.Network/networkSecurityGroups/nsg-eus-dev-snetad-01",
            "location": "eastus",
            "name": "nsg-eus-dev-snetad-01",
            "resource_group_name": "rg-eus-dev-01",
            "security_rule": [],
            "tags": {},
            "timeouts": null
          },
          "sensitive_attributes": [],
          "private": "eyJlMmJmYjczMC1lY2FhLTExZTYtOGY4OC0zNDM2M2JjN2M0YzAiOnsiY3JlYXRlIjoxODAwMDAwMDAwMDAwLCJkZWxldGUiOjE4MDAwMDAwMDAwMDAsInJlYWQiOjMwMDAwMDAwMDAwMCwidXBkYXRlIjoxODAwMDAwMDAwMDAwfX0=",
          "dependencies": [
            "module.Resource_Group.azurerm_resource_group.rgnet",
            "module.snet2.azurerm_subnet.subnet",
            "module.vnet.azurerm_virtual_network.vnet"
          ]
        }
      ]
    },
    {
      "module": "module.snet1",
      "mode": "managed",
      "type": "azurerm_subnet",
      "name": "subnet",
      "provider": "provider[\"registry.terraform.io/hashicorp/azurerm\"]",
      "instances": [
        {
          "schema_version": 0,
          "attributes": {
            "address_prefix": "172.25.3.0/28",
            "address_prefixes": [
              "172.25.3.0/28"
            ],
            "delegation": [],
            "enforce_private_link_endpoint_network_policies": false,
            "enforce_private_link_service_network_policies": false,
            "id": "/subscriptions/157d3c55-83f1-493f-8b06-472400ac04be/resourceGroups/rg-eus-dev-01/providers/Microsoft.Network/virtualNetworks/vnet-eus-dev-01/subnets/snet-eus-dev-web-01",
            "name": "snet-eus-dev-web-01",
            "resource_group_name": "rg-eus-dev-01",
            "service_endpoint_policy_ids": null,
            "service_endpoints": null,
            "timeouts": null,
            "virtual_network_name": "vnet-eus-dev-01"
          },
          "sensitive_attributes": [],
          "private": "eyJlMmJmYjczMC1lY2FhLTExZTYtOGY4OC0zNDM2M2JjN2M0YzAiOnsiY3JlYXRlIjoxODAwMDAwMDAwMDAwLCJkZWxldGUiOjE4MDAwMDAwMDAwMDAsInJlYWQiOjMwMDAwMDAwMDAwMCwidXBkYXRlIjoxODAwMDAwMDAwMDAwfX0=",
          "dependencies": [
            "module.Resource_Group.azurerm_resource_group.rgnet",
            "module.vnet.azurerm_virtual_network.vnet"
          ]
        }
      ]
    },
    {
      "module": "module.snet2",
      "mode": "managed",
      "type": "azurerm_subnet",
      "name": "subnet",
      "provider": "provider[\"registry.terraform.io/hashicorp/azurerm\"]",
      "instances": [
        {
          "schema_version": 0,
          "attributes": {
            "address_prefix": "172.25.3.16/28",
            "address_prefixes": [
              "172.25.3.16/28"
            ],
            "delegation": [],
            "enforce_private_link_endpoint_network_policies": false,
            "enforce_private_link_service_network_policies": false,
            "id": "/subscriptions/157d3c55-83f1-493f-8b06-472400ac04be/resourceGroups/rg-eus-dev-01/providers/Microsoft.Network/virtualNetworks/vnet-eus-dev-01/subnets/snet-eus-dev-app-01",
            "name": "snet-eus-dev-app-01",
            "resource_group_name": "rg-eus-dev-01",
            "service_endpoint_policy_ids": null,
            "service_endpoints": null,
            "timeouts": null,
            "virtual_network_name": "vnet-eus-dev-01"
          },
          "sensitive_attributes": [],
          "private": "eyJlMmJmYjczMC1lY2FhLTExZTYtOGY4OC0zNDM2M2JjN2M0YzAiOnsiY3JlYXRlIjoxODAwMDAwMDAwMDAwLCJkZWxldGUiOjE4MDAwMDAwMDAwMDAsInJlYWQiOjMwMDAwMDAwMDAwMCwidXBkYXRlIjoxODAwMDAwMDAwMDAwfX0=",
          "dependencies": [
            "module.Resource_Group.azurerm_resource_group.rgnet",
            "module.vnet.azurerm_virtual_network.vnet"
          ]
        }
      ]
    },
    {
      "module": "module.snet3",
      "mode": "managed",
      "type": "azurerm_subnet",
      "name": "subnet",
      "provider": "provider[\"registry.terraform.io/hashicorp/azurerm\"]",
      "instances": [
        {
          "schema_version": 0,
          "attributes": {
            "address_prefix": "172.25.3.32/28",
            "address_prefixes": [
              "172.25.3.32/28"
            ],
            "delegation": [],
            "enforce_private_link_endpoint_network_policies": false,
            "enforce_private_link_service_network_policies": false,
            "id": "/subscriptions/157d3c55-83f1-493f-8b06-472400ac04be/resourceGroups/rg-eus-dev-01/providers/Microsoft.Network/virtualNetworks/vnet-eus-dev-01/subnets/snet-eus-dev-db-01",
            "name": "snet-eus-dev-db-01",
            "resource_group_name": "rg-eus-dev-01",
            "service_endpoint_policy_ids": null,
            "service_endpoints": null,
            "timeouts": null,
            "virtual_network_name": "vnet-eus-dev-01"
          },
          "sensitive_attributes": [],
          "private": "eyJlMmJmYjczMC1lY2FhLTExZTYtOGY4OC0zNDM2M2JjN2M0YzAiOnsiY3JlYXRlIjoxODAwMDAwMDAwMDAwLCJkZWxldGUiOjE4MDAwMDAwMDAwMDAsInJlYWQiOjMwMDAwMDAwMDAwMCwidXBkYXRlIjoxODAwMDAwMDAwMDAwfX0=",
          "dependencies": [
            "module.Resource_Group.azurerm_resource_group.rgnet",
            "module.vnet.azurerm_virtual_network.vnet"
          ]
        }
      ]
    },
    {
      "module": "module.vnet",
      "mode": "managed",
      "type": "azurerm_virtual_network",
      "name": "vnet",
      "provider": "provider[\"registry.terraform.io/hashicorp/azurerm\"]",
      "instances": [
        {
          "schema_version": 0,
          "attributes": {
            "address_space": [
              "172.25.3.0/24"
            ],
            "bgp_community": "",
            "ddos_protection_plan": [],
            "dns_servers": [],
            "flow_timeout_in_minutes": 0,
            "guid": "22b4aa28-27a3-451f-9460-f26d7f9c9621",
            "id": "/subscriptions/157d3c55-83f1-493f-8b06-472400ac04be/resourceGroups/rg-eus-dev-01/providers/Microsoft.Network/virtualNetworks/vnet-eus-dev-01",
            "location": "eastus",
            "name": "vnet-eus-dev-01",
            "resource_group_name": "rg-eus-dev-01",
            "subnet": [],
            "tags": {},
            "timeouts": null,
            "vm_protection_enabled": false
          },
          "sensitive_attributes": [],
          "private": "eyJlMmJmYjczMC1lY2FhLTExZTYtOGY4OC0zNDM2M2JjN2M0YzAiOnsiY3JlYXRlIjoxODAwMDAwMDAwMDAwLCJkZWxldGUiOjE4MDAwMDAwMDAwMDAsInJlYWQiOjMwMDAwMDAwMDAwMCwidXBkYXRlIjoxODAwMDAwMDAwMDAwfX0=",
          "dependencies": [
            "module.Resource_Group.azurerm_resource_group.rgnet"
          ]
        }
      ]
    }
  ]
}
